// !$*UTF8*$!
{
	archiveVersion = 1;
	classes = {
	};
	objectVersion = 56;
	objects = {

/* Begin PBXBuildFile section */
		ADC075F42C51751300D8E62F /* MaxPointsApp.swift in Sources */ = {isa = PBXBuildFile; fileRef = ADC075F32C51751300D8E62F /* MaxPointsApp.swift */; };
		ADC075F62C51751300D8E62F /* ContentView.swift in Sources */ = {isa = PBXBuildFile; fileRef = ADC075F52C51751300D8E62F /* ContentView.swift */; };
		ADC075F82C51751400D8E62F /* Assets.xcassets in Resources */ = {isa = PBXBuildFile; fileRef = ADC075F72C51751400D8E62F /* Assets.xcassets */; };
		ADC075FB2C51751400D8E62F /* Preview Assets.xcassets in Resources */ = {isa = PBXBuildFile; fileRef = ADC075FA2C51751400D8E62F /* Preview Assets.xcassets */; };
		ADC075FD2C51751400D8E62F /* Persistence.swift in Sources */ = {isa = PBXBuildFile; fileRef = ADC075FC2C51751400D8E62F /* Persistence.swift */; };
		ADC076002C51751400D8E62F /* MaxPoints.xcdatamodeld in Sources */ = {isa = PBXBuildFile; fileRef = ADC075FE2C51751400D8E62F /* MaxPoints.xcdatamodeld */; };
		ADC076072C5186B100D8E62F /* TaskTrackerView.swift in Sources */ = {isa = PBXBuildFile; fileRef = ADC076062C5186B100D8E62F /* TaskTrackerView.swift */; };
		ADC076092C5188AF00D8E62F /* DataHandling.swift in Sources */ = {isa = PBXBuildFile; fileRef = ADC076082C5188AF00D8E62F /* DataHandling.swift */; };
		ADC0760B2C51967E00D8E62F /* TaskTrackerStoryboard.storyboard in Resources */ = {isa = PBXBuildFile; fileRef = ADC0760A2C51967E00D8E62F /* TaskTrackerStoryboard.storyboard */; };
		ADC0760D2C564D3D00D8E62F /* Activity.swift in Sources */ = {isa = PBXBuildFile; fileRef = ADC0760C2C564D3D00D8E62F /* Activity.swift */; };
		ADC0760F2C56506B00D8E62F /* AddActivityView.swift in Sources */ = {isa = PBXBuildFile; fileRef = ADC0760E2C56506B00D8E62F /* AddActivityView.swift */; };
		ADC076122C5650C300D8E62F /* ImagePicker.swift in Sources */ = {isa = PBXBuildFile; fileRef = ADC076112C5650C300D8E62F /* ImagePicker.swift */; };
		ADC076142C56558800D8E62F /* SFSymbolPicker.swift in Sources */ = {isa = PBXBuildFile; fileRef = ADC076132C56558800D8E62F /* SFSymbolPicker.swift */; };
		ADC076162C57D11300D8E62F /* SimpleLineGraphView.swift in Sources */ = {isa = PBXBuildFile; fileRef = ADC076152C57D11300D8E62F /* SimpleLineGraphView.swift */; };
/* End PBXBuildFile section */

/* Begin PBXFileReference section */
		ADC075F02C51751300D8E62F /* MaxPoints.app */ = {isa = PBXFileReference; explicitFileType = wrapper.application; includeInIndex = 0; path = MaxPoints.app; sourceTree = BUILT_PRODUCTS_DIR; };
		ADC075F32C51751300D8E62F /* MaxPointsApp.swift */ = {isa = PBXFileReference; lastKnownFileType = sourcecode.swift; path = MaxPointsApp.swift; sourceTree = "<group>"; };
		ADC075F52C51751300D8E62F /* ContentView.swift */ = {isa = PBXFileReference; lastKnownFileType = sourcecode.swift; path = ContentView.swift; sourceTree = "<group>"; };
		ADC075F72C51751400D8E62F /* Assets.xcassets */ = {isa = PBXFileReference; lastKnownFileType = folder.assetcatalog; path = Assets.xcassets; sourceTree = "<group>"; };
		ADC075FA2C51751400D8E62F /* Preview Assets.xcassets */ = {isa = PBXFileReference; lastKnownFileType = folder.assetcatalog; path = "Preview Assets.xcassets"; sourceTree = "<group>"; };
		ADC075FC2C51751400D8E62F /* Persistence.swift */ = {isa = PBXFileReference; lastKnownFileType = sourcecode.swift; path = Persistence.swift; sourceTree = "<group>"; };
		ADC075FF2C51751400D8E62F /* MaxPoints.xcdatamodel */ = {isa = PBXFileReference; lastKnownFileType = wrapper.xcdatamodel; path = MaxPoints.xcdatamodel; sourceTree = "<group>"; };
		ADC076062C5186B100D8E62F /* TaskTrackerView.swift */ = {isa = PBXFileReference; lastKnownFileType = sourcecode.swift; path = TaskTrackerView.swift; sourceTree = "<group>"; };
		ADC076082C5188AF00D8E62F /* DataHandling.swift */ = {isa = PBXFileReference; lastKnownFileType = sourcecode.swift; path = DataHandling.swift; sourceTree = "<group>"; };
		ADC0760A2C51967E00D8E62F /* TaskTrackerStoryboard.storyboard */ = {isa = PBXFileReference; lastKnownFileType = file.storyboard; path = TaskTrackerStoryboard.storyboard; sourceTree = "<group>"; };
		ADC0760C2C564D3D00D8E62F /* Activity.swift */ = {isa = PBXFileReference; lastKnownFileType = sourcecode.swift; path = Activity.swift; sourceTree = "<group>"; };
		ADC0760E2C56506B00D8E62F /* AddActivityView.swift */ = {isa = PBXFileReference; lastKnownFileType = sourcecode.swift; path = AddActivityView.swift; sourceTree = "<group>"; };
		ADC076112C5650C300D8E62F /* ImagePicker.swift */ = {isa = PBXFileReference; lastKnownFileType = sourcecode.swift; path = ImagePicker.swift; sourceTree = "<group>"; };
		ADC076132C56558800D8E62F /* SFSymbolPicker.swift */ = {isa = PBXFileReference; lastKnownFileType = sourcecode.swift; path = SFSymbolPicker.swift; sourceTree = "<group>"; };
		ADC076152C57D11300D8E62F /* SimpleLineGraphView.swift */ = {isa = PBXFileReference; lastKnownFileType = sourcecode.swift; path = SimpleLineGraphView.swift; sourceTree = "<group>"; };
/* End PBXFileReference section */

/* Begin PBXFrameworksBuildPhase section */
		ADC075ED2C51751300D8E62F /* Frameworks */ = {
			isa = PBXFrameworksBuildPhase;
			buildActionMask = 2147483647;
			files = (
			);
			runOnlyForDeploymentPostprocessing = 0;
		};
/* End PBXFrameworksBuildPhase section */

/* Begin PBXGroup section */
		ADC075E72C51751300D8E62F = {
			isa = PBXGroup;
			children = (
				ADC075F22C51751300D8E62F /* MaxPoints */,
				ADC075F12C51751300D8E62F /* Products */,
			);
			sourceTree = "<group>";
		};
		ADC075F12C51751300D8E62F /* Products */ = {
			isa = PBXGroup;
			children = (
				ADC075F02C51751300D8E62F /* MaxPoints.app */,
			);
			name = Products;
			sourceTree = "<group>";
		};
		ADC075F22C51751300D8E62F /* MaxPoints */ = {
			isa = PBXGroup;
			children = (
				ADC076102C56507A00D8E62F /* Views */,
				ADC075F32C51751300D8E62F /* MaxPointsApp.swift */,
				ADC076082C5188AF00D8E62F /* DataHandling.swift */,
				ADC0760C2C564D3D00D8E62F /* Activity.swift */,
				ADC0760A2C51967E00D8E62F /* TaskTrackerStoryboard.storyboard */,
				ADC075F72C51751400D8E62F /* Assets.xcassets */,
				ADC075FC2C51751400D8E62F /* Persistence.swift */,
				ADC075FE2C51751400D8E62F /* MaxPoints.xcdatamodeld */,
				ADC075F92C51751400D8E62F /* Preview Content */,
				ADC076112C5650C300D8E62F /* ImagePicker.swift */,
			);
			path = MaxPoints;
			sourceTree = "<group>";
		};
		ADC075F92C51751400D8E62F /* Preview Content */ = {
			isa = PBXGroup;
			children = (
				ADC075FA2C51751400D8E62F /* Preview Assets.xcassets */,
			);
			path = "Preview Content";
			sourceTree = "<group>";
		};
		ADC076102C56507A00D8E62F /* Views */ = {
			isa = PBXGroup;
			children = (
				ADC0760E2C56506B00D8E62F /* AddActivityView.swift */,
				ADC076062C5186B100D8E62F /* TaskTrackerView.swift */,
				ADC075F52C51751300D8E62F /* ContentView.swift */,
				ADC076132C56558800D8E62F /* SFSymbolPicker.swift */,
				ADC076152C57D11300D8E62F /* SimpleLineGraphView.swift */,
			);
			path = Views;
			sourceTree = "<group>";
		};
/* End PBXGroup section */

/* Begin PBXNativeTarget section */
		ADC075EF2C51751300D8E62F /* MaxPoints */ = {
			isa = PBXNativeTarget;
			buildConfigurationList = ADC076032C51751400D8E62F /* Build configuration list for PBXNativeTarget "MaxPoints" */;
			buildPhases = (
				ADC075EC2C51751300D8E62F /* Sources */,
				ADC075ED2C51751300D8E62F /* Frameworks */,
				ADC075EE2C51751300D8E62F /* Resources */,
			);
			buildRules = (
			);
			dependencies = (
			);
			name = MaxPoints;
			productName = MaxPoints;
			productReference = ADC075F02C51751300D8E62F /* MaxPoints.app */;
			productType = "com.apple.product-type.application";
		};
/* End PBXNativeTarget section */

/* Begin PBXProject section */
		ADC075E82C51751300D8E62F /* Project object */ = {
			isa = PBXProject;
			attributes = {
				BuildIndependentTargetsInParallel = 1;
				LastSwiftUpdateCheck = 1540;
				LastUpgradeCheck = 1540;
				TargetAttributes = {
					ADC075EF2C51751300D8E62F = {
						CreatedOnToolsVersion = 15.4;
					};
				};
			};
			buildConfigurationList = ADC075EB2C51751300D8E62F /* Build configuration list for PBXProject "MaxPoints" */;
			compatibilityVersion = "Xcode 14.0";
			developmentRegion = en;
			hasScannedForEncodings = 0;
			knownRegions = (
				en,
				Base,
			);
			mainGroup = ADC075E72C51751300D8E62F;
			productRefGroup = ADC075F12C51751300D8E62F /* Products */;
			projectDirPath = "";
			projectRoot = "";
			targets = (
				ADC075EF2C51751300D8E62F /* MaxPoints */,
			);
		};
/* End PBXProject section */

/* Begin PBXResourcesBuildPhase section */
		ADC075EE2C51751300D8E62F /* Resources */ = {
			isa = PBXResourcesBuildPhase;
			buildActionMask = 2147483647;
			files = (
				ADC075FB2C51751400D8E62F /* Preview Assets.xcassets in Resources */,
				ADC075F82C51751400D8E62F /* Assets.xcassets in Resources */,
				ADC0760B2C51967E00D8E62F /* TaskTrackerStoryboard.storyboard in Resources */,
			);
			runOnlyForDeploymentPostprocessing = 0;
		};
/* End PBXResourcesBuildPhase section */

/* Begin PBXSourcesBuildPhase section */
		ADC075EC2C51751300D8E62F /* Sources */ = {
			isa = PBXSourcesBuildPhase;
			buildActionMask = 2147483647;
			files = (
				ADC076092C5188AF00D8E62F /* DataHandling.swift in Sources */,
				ADC0760F2C56506B00D8E62F /* AddActivityView.swift in Sources */,
				ADC076142C56558800D8E62F /* SFSymbolPicker.swift in Sources */,
				ADC075FD2C51751400D8E62F /* Persistence.swift in Sources */,
				ADC076122C5650C300D8E62F /* ImagePicker.swift in Sources */,
				ADC0760D2C564D3D00D8E62F /* Activity.swift in Sources */,
				ADC076072C5186B100D8E62F /* TaskTrackerView.swift in Sources */,
				ADC076162C57D11300D8E62F /* SimpleLineGraphView.swift in Sources */,
				ADC076002C51751400D8E62F /* MaxPoints.xcdatamodeld in Sources */,
				ADC075F62C51751300D8E62F /* ContentView.swift in Sources */,
				ADC075F42C51751300D8E62F /* MaxPointsApp.swift in Sources */,
			);
			runOnlyForDeploymentPostprocessing = 0;
		};
/* End PBXSourcesBuildPhase section */

/* Begin XCBuildConfiguration section */
		ADC076012C51751400D8E62F /* Debug */ = {
			isa = XCBuildConfiguration;
			buildSettings = {
				ALWAYS_SEARCH_USER_PATHS = NO;
				ASSETCATALOG_COMPILER_GENERATE_SWIFT_ASSET_SYMBOL_EXTENSIONS = YES;
				CLANG_ANALYZER_NONNULL = YES;
				CLANG_ANALYZER_NUMBER_OBJECT_CONVERSION = YES_AGGRESSIVE;
				CLANG_CXX_LANGUAGE_STANDARD = "gnu++20";
				CLANG_ENABLE_MODULES = YES;
				CLANG_ENABLE_OBJC_ARC = YES;
				CLANG_ENABLE_OBJC_WEAK = YES;
				CLANG_WARN_BLOCK_CAPTURE_AUTORELEASING = YES;
				CLANG_WARN_BOOL_CONVERSION = YES;
				CLANG_WARN_COMMA = YES;
				CLANG_WARN_CONSTANT_CONVERSION = YES;
				CLANG_WARN_DEPRECATED_OBJC_IMPLEMENTATIONS = YES;
				CLANG_WARN_DIRECT_OBJC_ISA_USAGE = YES_ERROR;
				CLANG_WARN_DOCUMENTATION_COMMENTS = YES;
				CLANG_WARN_EMPTY_BODY = YES;
				CLANG_WARN_ENUM_CONVERSION = YES;
				CLANG_WARN_INFINITE_RECURSION = YES;
				CLANG_WARN_INT_CONVERSION = YES;
				CLANG_WARN_NON_LITERAL_NULL_CONVERSION = YES;
				CLANG_WARN_OBJC_IMPLICIT_RETAIN_SELF = YES;
				CLANG_WARN_OBJC_LITERAL_CONVERSION = YES;
				CLANG_WARN_OBJC_ROOT_CLASS = YES_ERROR;
				CLANG_WARN_QUOTED_INCLUDE_IN_FRAMEWORK_HEADER = YES;
				CLANG_WARN_RANGE_LOOP_ANALYSIS = YES;
				CLANG_WARN_STRICT_PROTOTYPES = YES;
				CLANG_WARN_SUSPICIOUS_MOVE = YES;
				CLANG_WARN_UNGUARDED_AVAILABILITY = YES_AGGRESSIVE;
				CLANG_WARN_UNREACHABLE_CODE = YES;
				CLANG_WARN__DUPLICATE_METHOD_MATCH = YES;
				COPY_PHASE_STRIP = NO;
				DEBUG_INFORMATION_FORMAT = dwarf;
				ENABLE_STRICT_OBJC_MSGSEND = YES;
				ENABLE_TESTABILITY = YES;
				ENABLE_USER_SCRIPT_SANDBOXING = YES;
				GCC_C_LANGUAGE_STANDARD = gnu17;
				GCC_DYNAMIC_NO_PIC = NO;
				GCC_NO_COMMON_BLOCKS = YES;
				GCC_OPTIMIZATION_LEVEL = 0;
				GCC_PREPROCESSOR_DEFINITIONS = (
					"DEBUG=1",
					"$(inherited)",
				);
				GCC_WARN_64_TO_32_BIT_CONVERSION = YES;
				GCC_WARN_ABOUT_RETURN_TYPE = YES_ERROR;
				GCC_WARN_UNDECLARED_SELECTOR = YES;
				GCC_WARN_UNINITIALIZED_AUTOS = YES_AGGRESSIVE;
				GCC_WARN_UNUSED_FUNCTION = YES;
				GCC_WARN_UNUSED_VARIABLE = YES;
				IPHONEOS_DEPLOYMENT_TARGET = 17.5;
				LOCALIZATION_PREFERS_STRING_CATALOGS = YES;
				MTL_ENABLE_DEBUG_INFO = INCLUDE_SOURCE;
				MTL_FAST_MATH = YES;
				ONLY_ACTIVE_ARCH = YES;
				SDKROOT = iphoneos;
				SWIFT_ACTIVE_COMPILATION_CONDITIONS = "DEBUG $(inherited)";
				SWIFT_OPTIMIZATION_LEVEL = "-Onone";
			};
			name = Debug;
		};
		ADC076022C51751400D8E62F /* Release */ = {
			isa = XCBuildConfiguration;
			buildSettings = {
				ALWAYS_SEARCH_USER_PATHS = NO;
				ASSETCATALOG_COMPILER_GENERATE_SWIFT_ASSET_SYMBOL_EXTENSIONS = YES;
				CLANG_ANALYZER_NONNULL = YES;
				CLANG_ANALYZER_NUMBER_OBJECT_CONVERSION = YES_AGGRESSIVE;
				CLANG_CXX_LANGUAGE_STANDARD = "gnu++20";
				CLANG_ENABLE_MODULES = YES;
				CLANG_ENABLE_OBJC_ARC = YES;
				CLANG_ENABLE_OBJC_WEAK = YES;
				CLANG_WARN_BLOCK_CAPTURE_AUTORELEASING = YES;
				CLANG_WARN_BOOL_CONVERSION = YES;
				CLANG_WARN_COMMA = YES;
				CLANG_WARN_CONSTANT_CONVERSION = YES;
				CLANG_WARN_DEPRECATED_OBJC_IMPLEMENTATIONS = YES;
				CLANG_WARN_DIRECT_OBJC_ISA_USAGE = YES_ERROR;
				CLANG_WARN_DOCUMENTATION_COMMENTS = YES;
				CLANG_WARN_EMPTY_BODY = YES;
				CLANG_WARN_ENUM_CONVERSION = YES;
				CLANG_WARN_INFINITE_RECURSION = YES;
				CLANG_WARN_INT_CONVERSION = YES;
				CLANG_WARN_NON_LITERAL_NULL_CONVERSION = YES;
				CLANG_WARN_OBJC_IMPLICIT_RETAIN_SELF = YES;
				CLANG_WARN_OBJC_LITERAL_CONVERSION = YES;
				CLANG_WARN_OBJC_ROOT_CLASS = YES_ERROR;
				CLANG_WARN_QUOTED_INCLUDE_IN_FRAMEWORK_HEADER = YES;
				CLANG_WARN_RANGE_LOOP_ANALYSIS = YES;
				CLANG_WARN_STRICT_PROTOTYPES = YES;
				CLANG_WARN_SUSPICIOUS_MOVE = YES;
				CLANG_WARN_UNGUARDED_AVAILABILITY = YES_AGGRESSIVE;
				CLANG_WARN_UNREACHABLE_CODE = YES;
				CLANG_WARN__DUPLICATE_METHOD_MATCH = YES;
				COPY_PHASE_STRIP = NO;
				DEBUG_INFORMATION_FORMAT = "dwarf-with-dsym";
				ENABLE_NS_ASSERTIONS = NO;
				ENABLE_STRICT_OBJC_MSGSEND = YES;
				ENABLE_USER_SCRIPT_SANDBOXING = YES;
				GCC_C_LANGUAGE_STANDARD = gnu17;
				GCC_NO_COMMON_BLOCKS = YES;
				GCC_WARN_64_TO_32_BIT_CONVERSION = YES;
				GCC_WARN_ABOUT_RETURN_TYPE = YES_ERROR;
				GCC_WARN_UNDECLARED_SELECTOR = YES;
				GCC_WARN_UNINITIALIZED_AUTOS = YES_AGGRESSIVE;
				GCC_WARN_UNUSED_FUNCTION = YES;
				GCC_WARN_UNUSED_VARIABLE = YES;
				IPHONEOS_DEPLOYMENT_TARGET = 17.5;
				LOCALIZATION_PREFERS_STRING_CATALOGS = YES;
				MTL_ENABLE_DEBUG_INFO = NO;
				MTL_FAST_MATH = YES;
				SDKROOT = iphoneos;
				SWIFT_COMPILATION_MODE = wholemodule;
				VALIDATE_PRODUCT = YES;
			};
			name = Release;
		};
		ADC076042C51751400D8E62F /* Debug */ = {
			isa = XCBuildConfiguration;
			buildSettings = {
				ASSETCATALOG_COMPILER_APPICON_NAME = AppIcon;
				ASSETCATALOG_COMPILER_GLOBAL_ACCENT_COLOR_NAME = AccentColor;
				CODE_SIGN_STYLE = Automatic;
				CURRENT_PROJECT_VERSION = 1;
				DEVELOPMENT_ASSET_PATHS = "\"MaxPoints/Preview Content\"";
				DEVELOPMENT_TEAM = G7B6M5B942;
				ENABLE_PREVIEWS = YES;
				GENERATE_INFOPLIST_FILE = YES;
				INFOPLIST_KEY_UIApplicationSceneManifest_Generation = YES;
				INFOPLIST_KEY_UIApplicationSupportsIndirectInputEvents = YES;
				INFOPLIST_KEY_UILaunchScreen_Generation = YES;
				INFOPLIST_KEY_UISupportedInterfaceOrientations_iPad = "UIInterfaceOrientationPortrait UIInterfaceOrientationPortraitUpsideDown UIInterfaceOrientationLandscapeLeft UIInterfaceOrientationLandscapeRight";
				INFOPLIST_KEY_UISupportedInterfaceOrientations_iPhone = "UIInterfaceOrientationPortrait UIInterfaceOrientationLandscapeLeft UIInterfaceOrientationLandscapeRight";
				LD_RUNPATH_SEARCH_PATHS = (
					"$(inherited)",
					"@executable_path/Frameworks",
				);
				MARKETING_VERSION = 1.0;
				PRODUCT_BUNDLE_IDENTIFIER = com.hakin.MaxPoints;
				PRODUCT_NAME = "$(TARGET_NAME)";
				SWIFT_EMIT_LOC_STRINGS = YES;
				SWIFT_VERSION = 5.0;
				TARGETED_DEVICE_FAMILY = "1,2";
			};
			name = Debug;
		};
		ADC076052C51751400D8E62F /* Release */ = {
			isa = XCBuildConfiguration;
			buildSettings = {
				ASSETCATALOG_COMPILER_APPICON_NAME = AppIcon;
				ASSETCATALOG_COMPILER_GLOBAL_ACCENT_COLOR_NAME = AccentColor;
				CODE_SIGN_STYLE = Automatic;
				CURRENT_PROJECT_VERSION = 1;
				DEVELOPMENT_ASSET_PATHS = "\"MaxPoints/Preview Content\"";
				DEVELOPMENT_TEAM = G7B6M5B942;
				ENABLE_PREVIEWS = YES;
				GENERATE_INFOPLIST_FILE = YES;
				INFOPLIST_KEY_UIApplicationSceneManifest_Generation = YES;
				INFOPLIST_KEY_UIApplicationSupportsIndirectInputEvents = YES;
				INFOPLIST_KEY_UILaunchScreen_Generation = YES;
				INFOPLIST_KEY_UISupportedInterfaceOrientations_iPad = "UIInterfaceOrientationPortrait UIInterfaceOrientationPortraitUpsideDown UIInterfaceOrientationLandscapeLeft UIInterfaceOrientationLandscapeRight";
				INFOPLIST_KEY_UISupportedInterfaceOrientations_iPhone = "UIInterfaceOrientationPortrait UIInterfaceOrientationLandscapeLeft UIInterfaceOrientationLandscapeRight";
				LD_RUNPATH_SEARCH_PATHS = (
					"$(inherited)",
					"@executable_path/Frameworks",
				);
				MARKETING_VERSION = 1.0;
				PRODUCT_BUNDLE_IDENTIFIER = com.hakin.MaxPoints;
				PRODUCT_NAME = "$(TARGET_NAME)";
				SWIFT_EMIT_LOC_STRINGS = YES;
				SWIFT_VERSION = 5.0;
				TARGETED_DEVICE_FAMILY = "1,2";
			};
			name = Release;
		};
/* End XCBuildConfiguration section */

/* Begin XCConfigurationList section */
		ADC075EB2C51751300D8E62F /* Build configuration list for PBXProject "MaxPoints" */ = {
			isa = XCConfigurationList;
			buildConfigurations = (
				ADC076012C51751400D8E62F /* Debug */,
				ADC076022C51751400D8E62F /* Release */,
			);
			defaultConfigurationIsVisible = 0;
			defaultConfigurationName = Release;
		};
		ADC076032C51751400D8E62F /* Build configuration list for PBXNativeTarget "MaxPoints" */ = {
			isa = XCConfigurationList;
			buildConfigurations = (
				ADC076042C51751400D8E62F /* Debug */,
				ADC076052C51751400D8E62F /* Release */,
			);
			defaultConfigurationIsVisible = 0;
			defaultConfigurationName = Release;
		};
/* End XCConfigurationList section */

/* Begin XCVersionGroup section */
		ADC075FE2C51751400D8E62F /* MaxPoints.xcdatamodeld */ = {
			isa = XCVersionGroup;
			children = (
				ADC075FF2C51751400D8E62F /* MaxPoints.xcdatamodel */,
			);
			currentVersion = ADC075FF2C51751400D8E62F /* MaxPoints.xcdatamodel */;
			path = MaxPoints.xcdatamodeld;
			sourceTree = "<group>";
			versionGroupType = wrapper.xcdatamodel;
		};
/* End XCVersionGroup section */
	};
	rootObject = ADC075E82C51751300D8E62F /* Project object */;
}
